
Microsoft Visual Studio Solution File, Format Version 12.00
# Visual Studio Version 17
VisualStudioVersion = 17.3.32819.101
MinimumVisualStudioVersion = 10.0.40219.1
Project("{FAE04EC0-301F-11D3-BF4B-00C04F79EFBC}") = "Benchmarks.App", "Benchmarks.App\Benchmarks.App.csproj", "{D11C963E-5F60-49B9-AC2F-3F5179D171E4}"
EndProject
Global
	GlobalSection(SolutionConfigurationPlatforms) = preSolution
		Debug|Any CPU = Debug|Any CPU
		Release|Any CPU = Release|Any CPU
	EndGlobalSection
	GlobalSection(ProjectConfigurationPlatforms) = postSolution
		{D11C963E-5F60-49B9-AC2F-3F5179D171E4}.Debug|Any CPU.ActiveCfg = Debug|Any CPU
		{D11C963E-5F60-49B9-AC2F-3F5179D171E4}.Debug|Any CPU.Build.0 = Debug|Any CPU
		{D11C963E-5F60-49B9-AC2F-3F5179D171E4}.Release|Any CPU.ActiveCfg = Release|Any CPU
		{D11C963E-5F60-49B9-AC2F-3F5179D171E4}.Release|Any CPU.Build.0 = Release|Any CPU
	EndGlobalSection
	GlobalSection(SolutionProperties) = preSolution
		HideSolutionNode = FALSE
	EndGlobalSection
	GlobalSection(ExtensibilityGlobals) = postSolution
		SolutionGuid = {7B51A004-C9A9-4632-BD09-37BFE13E104A}
	EndGlobalSection
EndGlobal
